
Microsoft Visual Studio Solution File, Format Version 12.00
# Visual Studio 14
VisualStudioVersion = 14.0.25420.1
MinimumVisualStudioVersion = 10.0.40219.1
Project("{F2A71F9B-5D33-465A-A702-920D77279786}") = "Notifications.Domain", "Notifications.Domain\Notifications.Domain.fsproj", "{7B0B6B6E-D14C-4C24-A65F-F497916CB62D}"
EndProject
Global
	GlobalSection(SolutionConfigurationPlatforms) = preSolution
		Debug|Any CPU = Debug|Any CPU
		Release|Any CPU = Release|Any CPU
	EndGlobalSection
	GlobalSection(ProjectConfigurationPlatforms) = postSolution
		{7B0B6B6E-D14C-4C24-A65F-F497916CB62D}.Debug|Any CPU.ActiveCfg = Debug|Any CPU
		{7B0B6B6E-D14C-4C24-A65F-F497916CB62D}.Debug|Any CPU.Build.0 = Debug|Any CPU
		{7B0B6B6E-D14C-4C24-A65F-F497916CB62D}.Release|Any CPU.ActiveCfg = Release|Any CPU
		{7B0B6B6E-D14C-4C24-A65F-F497916CB62D}.Release|Any CPU.Build.0 = Release|Any CPU
	EndGlobalSection
	GlobalSection(SolutionProperties) = preSolution
		HideSolutionNode = FALSE
	EndGlobalSection
EndGlobal
